<?xml version="1.0" encoding="utf-8"?>
<Project ToolsVersion="4.0" xmlns="http://schemas.microsoft.com/developer/msbuild/2003">
  <ItemGroup>
    <Filter Include="Header files">
      <UniqueIdentifier>{93995380-89BD-4b04-88EB-625FBE52EBFB}</UniqueIdentifier>
      <Extensions>h;hpp;hxx;hm;inl;inc;xsd</Extensions>
    </Filter>
    <Filter Include="Source code files">
      <UniqueIdentifier>{4FC737F1-C7A5-4376-A066-2A32D752A2FF}</UniqueIdentifier>
      <Extensions>cpp;c;cc;cxx;def;odl;idl;hpj;bat;asm;asmx</Extensions>
    </Filter>
    <Filter Include="Resource files">
      <UniqueIdentifier>{67DA6AB6-F800-4c08-8B7A-83BB121AAD01}</UniqueIdentifier>
      <Extensions>rc;ico;cur;bmp;dlg;rc2;rct;bin;rgs;gif;jpg;jpeg;jpe;resx;tiff;tif;png;wav;mfcribbon-ms</Extensions>
    </Filter>
  </ItemGroup>
  <ItemGroup>
    <ClInclude Include="targetver.h">
      <Filter>Header files</Filter>
    </ClInclude>
    <ClInclude Include="forwards.h">
      <Filter>Header files</Filter>
    </ClInclude>
    <ClInclude Include="StartMenuResolver.h">
      <Filter>Header files</Filter>
    </ClInclude>
    <ClInclude Include="AppResolverNotify.h">
      <Filter>Header files</Filter>
    </ClInclude>
    <ClInclude Include="TrayObject.h">
      <Filter>Header files</Filter>
    </ClInclude>
    <ClInclude Include="ImmersiveShell.h">
      <Filter>Header files</Filter>
    </ClInclude>
    <ClInclude Include="TrayNotify.h">
      <Filter>Header files</Filter>
    </ClInclude>
    <ClInclude Include="AuthUI.h">
      <Filter>Header files</Filter>
    </ClInclude>
    <ClInclude Include="StartMenuPin.h">
      <Filter>Header files</Filter>
    </ClInclude>
    <ClInclude Include="EnumStartMenu.h">
      <Filter>Header files</Filter>
    </ClInclude>
    <ClInclude Include="UserAssist.h">
      <Filter>Header files</Filter>
    </ClInclude>
    <ClInclude Include="dbgprint.h">
      <Filter>Header files</Filter>
    </ClInclude>
    <ClInclude Include="trash.h">
      <Filter>Header files</Filter>
    </ClInclude>
    <ClInclude Include="ImmersiveFactory.h">
      <Filter>Header files</Filter>
    </ClInclude>
    <ClInclude Include="ProjectionFactory.h">
      <Filter>Header files</Filter>
    </ClInclude>
    <ClInclude Include="AutoPlay.h">
      <Filter>Header files</Filter>
    </ClInclude>
    <ClInclude Include="resource.h">
      <Filter>Header files</Filter>
    </ClInclude>
    <ClInclude Include="PinnedList.h">
      <Filter>Header files</Filter>
    </ClInclude>
    <ClInclude Include="ThemeManager.h">
      <Filter>Header files</Filter>
    </ClInclude>
    <ClInclude Include="MinHook.h">
      <Filter>Header files</Filter>
    </ClInclude>
    <ClInclude Include="OSVersion.h">
      <Filter>Header files</Filter>
    </ClInclude>
    <ClInclude Include="RegistryManager.h">
      <Filter>Header files</Filter>
    </ClInclude>
    <ClInclude Include="ShellTaskScheduler.h">
      <Filter>Header files</Filter>
    </ClInclude>
    <ClInclude Include="DestinationList.h">
      <Filter>Header files</Filter>
    </ClInclude>
    <ClInclude Include="NscTree.h">
      <Filter>Header files</Filter>
    </ClInclude>
    <ClInclude Include="RegTreeOptions.h">
      <Filter>Header files</Filter>
    </ClInclude>
    <ClInclude Include="common.h">
      <Filter>Header files</Filter>
    </ClInclude>
    <ClInclude Include="AugmentedShellFolder.h">
      <Filter>Header files</Filter>
    </ClInclude>
    <ClInclude Include="shell32_wrappers.h">
      <Filter>Header files</Filter>
    </ClInclude>
    <ClInclude Include="StartMenuItemFilter.h">
      <Filter>Header files</Filter>
    </ClInclude>
    <ClInclude Include="ShellURL.h">
      <Filter>Header files</Filter>
    </ClInclude>
    <ClInclude Include="OptionConfig.h">
      <Filter>Header files</Filter>
    </ClInclude>
    <ClInclude Include="AddressImports.h">
      <Filter>Header files</Filter>
    </ClInclude>
    <ClInclude Include="TypeDefinitions.h">
      <Filter>Header files</Filter>
    </ClInclude>
    <ClInclude Include="PatternImports.h">
      <Filter>Header files</Filter>
    </ClInclude>
    <ClInclude Include="util.h">
      <Filter>Header files</Filter>
    </ClInclude>
    <ClInclude Include="MinhookImports.h">
      <Filter>Header files</Filter>
    </ClInclude>
    <ClInclude Include="Hooking.h">
      <Filter>Header files</Filter>
    </ClInclude>
  </ItemGroup>
  <ItemGroup>
    <ClCompile Include="dllmain.cpp">
      <Filter>Source code files</Filter>
    </ClCompile>
    <ClCompile Include="dbgprint.cpp">
      <Filter>Source code files</Filter>
    </ClCompile>
    <ClCompile Include="StartMenuResolver.cpp">
      <Filter>Source code files</Filter>
    </ClCompile>
    <ClCompile Include="AppResolverNotify.cpp">
      <Filter>Source code files</Filter>
    </ClCompile>
    <ClCompile Include="TrayObject.cpp">
      <Filter>Source code files</Filter>
    </ClCompile>
    <ClCompile Include="ImmersiveShell.cpp">
      <Filter>Source code files</Filter>
    </ClCompile>
    <ClCompile Include="TrayNotify.cpp">
      <Filter>Source code files</Filter>
    </ClCompile>
    <ClCompile Include="AuthUI.cpp">
      <Filter>Source code files</Filter>
    </ClCompile>
    <ClCompile Include="StartMenuPin.cpp">
      <Filter>Source code files</Filter>
    </ClCompile>
    <ClCompile Include="EnumStartMenu.cpp">
      <Filter>Source code files</Filter>
    </ClCompile>
    <ClCompile Include="UserAssist.cpp">
      <Filter>Source code files</Filter>
    </ClCompile>
    <ClCompile Include="ImmersiveFactory.cpp">
      <Filter>Source code files</Filter>
    </ClCompile>
    <ClCompile Include="ProjectionFactory.cpp">
      <Filter>Source code files</Filter>
    </ClCompile>
    <ClCompile Include="AutoPlay.cpp">
      <Filter>Source code files</Filter>
    </ClCompile>
    <ClCompile Include="explorer_wrappers.cpp">
      <Filter>Source code files</Filter>
    </ClCompile>
    <ClCompile Include="shell32_wrappers.cpp">
      <Filter>Source code files</Filter>
    </ClCompile>
    <ClCompile Include="minCRT.cpp">
      <Filter>Source code files</Filter>
    </ClCompile>
    <ClCompile Include="PinnedList.cpp">
      <Filter>Source code files</Filter>
    </ClCompile>
    <ClCompile Include="ThemeManager.cpp">
      <Filter>Source code files</Filter>
    </ClCompile>
    <ClCompile Include="OSVersion.cpp">
      <Filter>Source code files</Filter>
    </ClCompile>
    <ClCompile Include="RegistryManager.cpp">
      <Filter>Source code files</Filter>
    </ClCompile>
    <ClCompile Include="ShellTaskScheduler.cpp">
      <Filter>Source code files</Filter>
    </ClCompile>
    <ClCompile Include="DestinationList.cpp">
      <Filter>Source code files</Filter>
    </ClCompile>
    <ClCompile Include="RegTreeOptions.cpp">
      <Filter>Source code files</Filter>
    </ClCompile>
    <ClCompile Include="StartMenuItemFilter.cpp">
      <Filter>Source code files</Filter>
    </ClCompile>
    <ClCompile Include="ShellURL.cpp">
      <Filter>Source code files</Filter>
    </ClCompile>
    <ClCompile Include="OptionConfig.cpp">
      <Filter>Source code files</Filter>
    </ClCompile>
    <ClCompile Include="PatternImports.cpp">
      <Filter>Source code files</Filter>
    </ClCompile>
    <ClCompile Include="Hooking.cpp">
      <Filter>Source code files</Filter>
    </ClCompile>
  </ItemGroup>
  <ItemGroup>
    <ResourceCompile Include="wrapper.rc">
      <Filter>Resource files</Filter>
    </ResourceCompile>
  </ItemGroup>
  <ItemGroup>
    <Image Include="res\icon1.ico">
      <Filter>Resource files</Filter>
    </Image>
    <Image Include="res\start%401.25x.bmp">
      <Filter>Resource files</Filter>
    </Image>
    <Image Include="res\start%401.5x.bmp">
      <Filter>Resource files</Filter>
    </Image>
    <Image Include="res\start.bmp">
      <Filter>Resource files</Filter>
    </Image>
  </ItemGroup>
</Project>